PODS:
  - Alamofire (4.3.0)
  - Kingfisher (3.5.0)
  - SwiftyJSON (3.1.4)

DEPENDENCIES:
  - Alamofire (~> 4.0)
  - Kingfisher
  - SwiftyJSON

SPEC CHECKSUMS:
  Alamofire: 856a113053a7bc9cbe5d6367a555d773fc5cfef7
  Kingfisher: 7c62087039d93d26c54c8dd9b0b588d2ce55cef6
  SwiftyJSON: c2842d878f95482ffceec5709abc3d05680c0220

PODFILE CHECKSUM: 05f56ea19848570796607bef1b07da1115b5eb3c

COCOAPODS: 1.2.0
